
Microsoft Visual Studio Solution File, Format Version 12.00
# Visual Studio Version 16
VisualStudioVersion = 16.0.31321.278
MinimumVisualStudioVersion = 10.0.40219.1
Project("{8BC9CEB8-8B4A-11D0-8D11-00A0C91BC942}") = "podr_str_386_zad_5", "podr_str_386_zad_5\podr_str_386_zad_5.vcxproj", "{E424C304-5D01-4506-A788-7C079E1CAC90}"
EndProject
Global
	GlobalSection(SolutionConfigurationPlatforms) = preSolution
		Debug|x64 = Debug|x64
		Debug|x86 = Debug|x86
		Release|x64 = Release|x64
		Release|x86 = Release|x86
	EndGlobalSection
	GlobalSection(ProjectConfigurationPlatforms) = postSolution
		{E424C304-5D01-4506-A788-7C079E1CAC90}.Debug|x64.ActiveCfg = Debug|x64
		{E424C304-5D01-4506-A788-7C079E1CAC90}.Debug|x64.Build.0 = Debug|x64
		{E424C304-5D01-4506-A788-7C079E1CAC90}.Debug|x86.ActiveCfg = Debug|Win32
		{E424C304-5D01-4506-A788-7C079E1CAC90}.Debug|x86.Build.0 = Debug|Win32
		{E424C304-5D01-4506-A788-7C079E1CAC90}.Release|x64.ActiveCfg = Release|x64
		{E424C304-5D01-4506-A788-7C079E1CAC90}.Release|x64.Build.0 = Release|x64
		{E424C304-5D01-4506-A788-7C079E1CAC90}.Release|x86.ActiveCfg = Release|Win32
		{E424C304-5D01-4506-A788-7C079E1CAC90}.Release|x86.Build.0 = Release|Win32
	EndGlobalSection
	GlobalSection(SolutionProperties) = preSolution
		HideSolutionNode = FALSE
	EndGlobalSection
	GlobalSection(ExtensibilityGlobals) = postSolution
		SolutionGuid = {2732BED4-269E-4F30-A616-56ED20391B4F}
	EndGlobalSection
EndGlobal
